<?xml version="1.0" encoding="utf-8"?>
<Project ToolsVersion="4.0" xmlns="http://schemas.microsoft.com/developer/msbuild/2003">
  <Import Project="LVGL.Portable.vcxitems.filters" />
  <Import Project="LVGL.Drivers.vcxitems.filters" />
  <ItemGroup>
    <ClCompile Include="LVGL.Simulator.cpp" />
    <ClCompile Include="pikascript_entry.c" />
    <ClCompile Include="pikascript\pikascript-core\BaseObj.c" />
    <ClCompile Include="pikascript\pikascript-core\dataArg.c" />
    <ClCompile Include="pikascript\pikascript-core\dataArgs.c" />
    <ClCompile Include="pikascript\pikascript-core\dataLink.c" />
    <ClCompile Include="pikascript\pikascript-core\dataLinkNode.c" />
    <ClCompile Include="pikascript\pikascript-core\dataMemory.c" />
    <ClCompile Include="pikascript\pikascript-core\dataQueue.c" />
    <ClCompile Include="pikascript\pikascript-core\dataQueueObj.c" />
    <ClCompile Include="pikascript\pikascript-core\dataStack.c" />
    <ClCompile Include="pikascript\pikascript-core\dataString.c" />
    <ClCompile Include="pikascript\pikascript-core\dataStrs.c" />
    <ClCompile Include="pikascript\pikascript-core\PikaCompiler.c" />
    <ClCompile Include="pikascript\pikascript-core\PikaObj.c" />
    <ClCompile Include="pikascript\pikascript-core\PikaParser.c" />
    <ClCompile Include="pikascript\pikascript-core\PikaPlatform.c" />
    <ClCompile Include="pikascript\pikascript-core\PikaVM.c" />
    <ClCompile Include="pikascript\pikascript-core\TinyObj.c" />
    <ClCompile Include="pikascript\pikascript-lib\pika_lvgl\pika_lv_point_t.c" />
    <ClCompile Include="pikascript\pikascript-lib\pika_lvgl\pika_lv_timer_t.c" />
    <ClCompile Include="pikascript\pikascript-lib\pika_lvgl\pika_lv_wegit.c" />
    <ClCompile Include="pikascript\pikascript-lib\pika_lvgl\pika_lvgl.c" />
    <ClCompile Include="pikascript\pikascript-lib\pika_lvgl\pika_lvgl_indev_t.c" />
    <ClCompile Include="pikascript\pikascript-lib\pika_lvgl\pika_lvgl_lv_event.c" />
    <ClCompile Include="pikascript\pikascript-lib\pika_lvgl\pika_lvgl_lv_obj.c" />
    <ClCompile Include="pikascript\pikascript-lib\pika_lvgl\pika_lvgl_lv_style_t.c" />
    <ClCompile Include="pikascript\pikascript-lib\PikaStdLib\PikaDebuger_Debuger.c" />
    <ClCompile Include="pikascript\pikascript-lib\PikaStdLib\PikaStdData_ByteArray.c" />
    <ClCompile Include="pikascript\pikascript-lib\PikaStdLib\PikaStdData_Dict.c" />
    <ClCompile Include="pikascript\pikascript-lib\PikaStdLib\PikaStdData_FILEIO.c" />
    <ClCompile Include="pikascript\pikascript-lib\PikaStdLib\PikaStdData_List.c" />
    <ClCompile Include="pikascript\pikascript-lib\PikaStdLib\PikaStdData_String.c" />
    <ClCompile Include="pikascript\pikascript-lib\PikaStdLib\PikaStdData_Tuple.c" />
    <ClCompile Include="pikascript\pikascript-lib\PikaStdLib\PikaStdData_Utils.c" />
    <ClCompile Include="pikascript\pikascript-lib\PikaStdLib\PikaStdLib_MemChecker.c" />
    <ClCompile Include="pikascript\pikascript-lib\PikaStdLib\PikaStdLib_RangeObj.c" />
    <ClCompile Include="pikascript\pikascript-lib\PikaStdLib\PikaStdLib_StringObj.c" />
    <ClCompile Include="pikascript\pikascript-lib\PikaStdLib\PikaStdLib_SysObj.c" />
    <ClCompile Include="pikascript\pikascript-lib\PikaStdLib\PikaStdTask_Task.c" />
    <ClCompile Include="pikascript\pikascript-api\__asset_pikaModules_py_a.c" />
    <ClCompile Include="pikascript\pikascript-api\__pikaBinding.c" />
    <ClCompile Include="pikascript\pikascript-api\pikaScript.c" />
  </ItemGroup>
  <ItemGroup>
    <ClInclude Include="pikascript_entry.h" />
    <ClInclude Include="resource.h" />
    <ClInclude Include="Mile.Project.Properties.h" />
    <ClInclude Include="pikascript\pikascript-api\PikaStdDevice.h" />
    <ClInclude Include="pikascript\pikascript-api\PikaStdDevice_ADC.h" />
    <ClInclude Include="pikascript\pikascript-api\PikaStdDevice_BaseDev.h" />
    <ClInclude Include="pikascript\pikascript-api\PikaStdDevice_CAN.h" />
    <ClInclude Include="pikascript\pikascript-api\PikaStdDevice_GPIO.h" />
    <ClInclude Include="pikascript\pikascript-api\PikaStdDevice_IIC.h" />
    <ClInclude Include="pikascript\pikascript-api\PikaStdDevice_PWM.h" />
    <ClInclude Include="pikascript\pikascript-api\PikaStdDevice_SPI.h" />
    <ClInclude Include="pikascript\pikascript-api\PikaStdDevice_Time.h" />
    <ClInclude Include="pikascript\pikascript-api\PikaStdDevice_UART.h" />
    <ClInclude Include="pikascript\pikascript-core\__instruction_def.h" />
    <ClInclude Include="pikascript\pikascript-core\__pika_ooc.h" />
    <ClInclude Include="pikascript\pikascript-core\BaseObj.h" />
    <ClInclude Include="pikascript\pikascript-core\dataArg.h" />
    <ClInclude Include="pikascript\pikascript-core\dataArgs.h" />
    <ClInclude Include="pikascript\pikascript-core\dataLink.h" />
    <ClInclude Include="pikascript\pikascript-core\dataLinkNode.h" />
    <ClInclude Include="pikascript\pikascript-core\dataMemory.h" />
    <ClInclude Include="pikascript\pikascript-core\dataQueue.h" />
    <ClInclude Include="pikascript\pikascript-core\dataQueueObj.h" />
    <ClInclude Include="pikascript\pikascript-core\dataStack.h" />
    <ClInclude Include="pikascript\pikascript-core\dataString.h" />
    <ClInclude Include="pikascript\pikascript-core\dataStrs.h" />
    <ClInclude Include="pikascript\pikascript-core\pika_config_valid.h" />
    <ClInclude Include="pikascript\pikascript-core\PikaCompiler.h" />
    <ClInclude Include="pikascript\pikascript-core\PikaObj.h" />
    <ClInclude Include="pikascript\pikascript-core\PikaParser.h" />
    <ClInclude Include="pikascript\pikascript-core\PikaPlatform.h" />
    <ClInclude Include="pikascript\pikascript-core\PikaVersion.h" />
    <ClInclude Include="pikascript\pikascript-core\PikaVM.h" />
    <ClInclude Include="pikascript\pikascript-core\TinyObj.h" />
    <ClInclude Include="pikascript\pikascript-lib\PikaStdLib\PikaStdData_String_Util.h" />
  </ItemGroup>
</Project>